// !$*UTF8*$!
{
	archiveVersion = 1;
	classes = {
	};
	objectVersion = 50;
	objects = {

/* Begin PBXAggregateTarget section */
		CFF6B9F02628C9630002CEEB /* all */ = {
			isa = PBXAggregateTarget;
			buildConfigurationList = CFF6B9F32628C9630002CEEB /* Build configuration list for PBXAggregateTarget "all" */;
			buildPhases = (
			);
			dependencies = (
				CFF6B9F92628C9670002CEEB /* PBXTargetDependency */,
				CFF6B9FB2628C9680002CEEB /* PBXTargetDependency */,
				CFF6B9FD2628C96A0002CEEB /* PBXTargetDependency */,
			);
			name = all;
			productName = AllFrameworks;
		};
/* End PBXAggregateTarget section */

/* Begin PBXBuildFile section */
		7A3320E626014AD100B447CD /* CHHapticEngine_Supported.swift in Sources */ = {isa = PBXBuildFile; fileRef = 7A3320E526014AD100B447CD /* CHHapticEngine_Supported.swift */; };
		7A3320E726014AD100B447CD /* CHHapticEngine_Supported.swift in Sources */ = {isa = PBXBuildFile; fileRef = 7A3320E526014AD100B447CD /* CHHapticEngine_Supported.swift */; };
		7A3320E826014AD100B447CD /* CHHapticEngine_Supported.swift in Sources */ = {isa = PBXBuildFile; fileRef = 7A3320E526014AD100B447CD /* CHHapticEngine_Supported.swift */; };
		7A3320ED26014B2E00B447CD /* CHHapticEngine_Protocol.swift in Sources */ = {isa = PBXBuildFile; fileRef = 7A3320EC26014B2E00B447CD /* CHHapticEngine_Protocol.swift */; };
		7A3320EE26014B2E00B447CD /* CHHapticEngine_Protocol.swift in Sources */ = {isa = PBXBuildFile; fileRef = 7A3320EC26014B2E00B447CD /* CHHapticEngine_Protocol.swift */; };
		7A3320EF26014B2E00B447CD /* CHHapticEngine_Protocol.swift in Sources */ = {isa = PBXBuildFile; fileRef = 7A3320EC26014B2E00B447CD /* CHHapticEngine_Protocol.swift */; };
		7A3320F426014BF500B447CD /* CHHapticEngine_Unsupported.swift in Sources */ = {isa = PBXBuildFile; fileRef = 7A3320F326014BF500B447CD /* CHHapticEngine_Unsupported.swift */; };
		7A3320F526014BF500B447CD /* CHHapticEngine_Unsupported.swift in Sources */ = {isa = PBXBuildFile; fileRef = 7A3320F326014BF500B447CD /* CHHapticEngine_Unsupported.swift */; };
		7A3320F626014BF500B447CD /* CHHapticEngine_Unsupported.swift in Sources */ = {isa = PBXBuildFile; fileRef = 7A3320F326014BF500B447CD /* CHHapticEngine_Unsupported.swift */; };
		7A3320FB26015A3000B447CD /* CHHapticPatternPlayer_Protocol.swift in Sources */ = {isa = PBXBuildFile; fileRef = 7A3320FA26015A3000B447CD /* CHHapticPatternPlayer_Protocol.swift */; };
		7A3320FC26015A3000B447CD /* CHHapticPatternPlayer_Protocol.swift in Sources */ = {isa = PBXBuildFile; fileRef = 7A3320FA26015A3000B447CD /* CHHapticPatternPlayer_Protocol.swift */; };
		7A3320FD26015A3000B447CD /* CHHapticPatternPlayer_Protocol.swift in Sources */ = {isa = PBXBuildFile; fileRef = 7A3320FA26015A3000B447CD /* CHHapticPatternPlayer_Protocol.swift */; };
		7A33210226015AA100B447CD /* CHHapticPatternPlayer_Supported.swift in Sources */ = {isa = PBXBuildFile; fileRef = 7A33210126015AA100B447CD /* CHHapticPatternPlayer_Supported.swift */; };
		7A33210326015AA100B447CD /* CHHapticPatternPlayer_Supported.swift in Sources */ = {isa = PBXBuildFile; fileRef = 7A33210126015AA100B447CD /* CHHapticPatternPlayer_Supported.swift */; };
		7A33210426015AA100B447CD /* CHHapticPatternPlayer_Supported.swift in Sources */ = {isa = PBXBuildFile; fileRef = 7A33210126015AA100B447CD /* CHHapticPatternPlayer_Supported.swift */; };
		7A33210926015B1000B447CD /* CHHapticPatternPlayer_Unsupported.swift in Sources */ = {isa = PBXBuildFile; fileRef = 7A33210826015B1000B447CD /* CHHapticPatternPlayer_Unsupported.swift */; };
		7A33210A26015B1000B447CD /* CHHapticPatternPlayer_Unsupported.swift in Sources */ = {isa = PBXBuildFile; fileRef = 7A33210826015B1000B447CD /* CHHapticPatternPlayer_Unsupported.swift */; };
		7A33210B26015B1000B447CD /* CHHapticPatternPlayer_Unsupported.swift in Sources */ = {isa = PBXBuildFile; fileRef = 7A33210826015B1000B447CD /* CHHapticPatternPlayer_Unsupported.swift */; };
		7A33211026015D1A00B447CD /* CHHapticAdvancedPatternPlayer_Protocol.swift in Sources */ = {isa = PBXBuildFile; fileRef = 7A33210F26015D1A00B447CD /* CHHapticAdvancedPatternPlayer_Protocol.swift */; };
		7A33211126015D1A00B447CD /* CHHapticAdvancedPatternPlayer_Protocol.swift in Sources */ = {isa = PBXBuildFile; fileRef = 7A33210F26015D1A00B447CD /* CHHapticAdvancedPatternPlayer_Protocol.swift */; };
		7A33211226015D1A00B447CD /* CHHapticAdvancedPatternPlayer_Protocol.swift in Sources */ = {isa = PBXBuildFile; fileRef = 7A33210F26015D1A00B447CD /* CHHapticAdvancedPatternPlayer_Protocol.swift */; };
		7A33211726015D7F00B447CD /* CHHapticAdvancedPatternPlayer_Supported.swift in Sources */ = {isa = PBXBuildFile; fileRef = 7A33211626015D7F00B447CD /* CHHapticAdvancedPatternPlayer_Supported.swift */; };
		7A33211826015D7F00B447CD /* CHHapticAdvancedPatternPlayer_Supported.swift in Sources */ = {isa = PBXBuildFile; fileRef = 7A33211626015D7F00B447CD /* CHHapticAdvancedPatternPlayer_Supported.swift */; };
		7A33211926015D7F00B447CD /* CHHapticAdvancedPatternPlayer_Supported.swift in Sources */ = {isa = PBXBuildFile; fileRef = 7A33211626015D7F00B447CD /* CHHapticAdvancedPatternPlayer_Supported.swift */; };
		7A33211E26015EB700B447CD /* CHHapticAdvancedPatternPlayer_Unsupported.swift in Sources */ = {isa = PBXBuildFile; fileRef = 7A33211D26015EB700B447CD /* CHHapticAdvancedPatternPlayer_Unsupported.swift */; };
		7A33211F26015EB700B447CD /* CHHapticAdvancedPatternPlayer_Unsupported.swift in Sources */ = {isa = PBXBuildFile; fileRef = 7A33211D26015EB700B447CD /* CHHapticAdvancedPatternPlayer_Unsupported.swift */; };
		7A33212026015EB700B447CD /* CHHapticAdvancedPatternPlayer_Unsupported.swift in Sources */ = {isa = PBXBuildFile; fileRef = 7A33211D26015EB700B447CD /* CHHapticAdvancedPatternPlayer_Unsupported.swift */; };
		7A443C742603D68D0048A408 /* CHHapticPatternPlayer_BridgingHeader.h in Headers */ = {isa = PBXBuildFile; fileRef = 7A443C722603D68D0048A408 /* CHHapticPatternPlayer_BridgingHeader.h */; settings = {ATTRIBUTES = (Public, ); }; };
		7A55186224E6FBA0004CDB45 /* General_CallbackTypeDefinitions.swift in Sources */ = {isa = PBXBuildFile; fileRef = 7A55186124E6FBA0004CDB45 /* General_CallbackTypeDefinitions.swift */; };
		7A55186324E6FBA0004CDB45 /* General_CallbackTypeDefinitions.swift in Sources */ = {isa = PBXBuildFile; fileRef = 7A55186124E6FBA0004CDB45 /* General_CallbackTypeDefinitions.swift */; };
		7A55186724E70042004CDB45 /* Extensions.swift in Sources */ = {isa = PBXBuildFile; fileRef = 7A55186624E70042004CDB45 /* Extensions.swift */; };
		7A55186824E70042004CDB45 /* Extensions.swift in Sources */ = {isa = PBXBuildFile; fileRef = 7A55186624E70042004CDB45 /* Extensions.swift */; };
		7A55186A24E70D49004CDB45 /* BridgingHeader-macOS.h in Headers */ = {isa = PBXBuildFile; fileRef = 7A55186924E70D49004CDB45 /* BridgingHeader-macOS.h */; settings = {ATTRIBUTES = (Public, ); }; };
		7A7D6B9C25DC56FD0072DB37 /* CHHapticEngine.swift in Sources */ = {isa = PBXBuildFile; fileRef = 7A7D6B9B25DC56FD0072DB37 /* CHHapticEngine.swift */; };
		7A7D6B9D25DC56FD0072DB37 /* CHHapticEngine.swift in Sources */ = {isa = PBXBuildFile; fileRef = 7A7D6B9B25DC56FD0072DB37 /* CHHapticEngine.swift */; };
		7A7D6B9E25DC56FD0072DB37 /* CHHapticEngine.swift in Sources */ = {isa = PBXBuildFile; fileRef = 7A7D6B9B25DC56FD0072DB37 /* CHHapticEngine.swift */; };
		7AE5BB752502C06C00BDBEDA /* CoreHapticsWrapper.h in Headers */ = {isa = PBXBuildFile; fileRef = 7A55184924E2FC09004CDB45 /* CoreHapticsWrapper.h */; settings = {ATTRIBUTES = (Public, ); }; };
		7AE5BB782502C06C00BDBEDA /* General_CallbackTypeDefinitions.swift in Sources */ = {isa = PBXBuildFile; fileRef = 7A55186124E6FBA0004CDB45 /* General_CallbackTypeDefinitions.swift */; };
		7AE5BB792502C06C00BDBEDA /* Extensions.swift in Sources */ = {isa = PBXBuildFile; fileRef = 7A55186624E70042004CDB45 /* Extensions.swift */; };
		9473E3BA25DEF3F600B4AD36 /* CHHapticAdvancedPatternPlayer.swift in Sources */ = {isa = PBXBuildFile; fileRef = 9473E3B925DEF3F600B4AD36 /* CHHapticAdvancedPatternPlayer.swift */; };
		9473E3BB25DEF3F600B4AD36 /* CHHapticAdvancedPatternPlayer.swift in Sources */ = {isa = PBXBuildFile; fileRef = 9473E3B925DEF3F600B4AD36 /* CHHapticAdvancedPatternPlayer.swift */; };
		9473E3BC25DEF3F600B4AD36 /* CHHapticAdvancedPatternPlayer.swift in Sources */ = {isa = PBXBuildFile; fileRef = 9473E3B925DEF3F600B4AD36 /* CHHapticAdvancedPatternPlayer.swift */; };
		948088A225D6DF1200D7DAF0 /* CoreHaptics.framework in Frameworks */ = {isa = PBXBuildFile; fileRef = 948088A125D6DF1200D7DAF0 /* CoreHaptics.framework */; };
		948088A425D6DF1B00D7DAF0 /* AVFoundation.framework in Frameworks */ = {isa = PBXBuildFile; fileRef = 948088A325D6DF1B00D7DAF0 /* AVFoundation.framework */; };
		948088BB25D7052A00D7DAF0 /* CHHapticPatternPlayer.swift in Sources */ = {isa = PBXBuildFile; fileRef = 948088BA25D7052A00D7DAF0 /* CHHapticPatternPlayer.swift */; };
		948088BC25D7052A00D7DAF0 /* CHHapticPatternPlayer.swift in Sources */ = {isa = PBXBuildFile; fileRef = 948088BA25D7052A00D7DAF0 /* CHHapticPatternPlayer.swift */; };
		948088BD25D7052A00D7DAF0 /* CHHapticPatternPlayer.swift in Sources */ = {isa = PBXBuildFile; fileRef = 948088BA25D7052A00D7DAF0 /* CHHapticPatternPlayer.swift */; };
		CF2E64AD272C74FE00F63529 /* CHCapabilities_Protocol.swift in Sources */ = {isa = PBXBuildFile; fileRef = CF2E64AC272C74FE00F63529 /* CHCapabilities_Protocol.swift */; };
		CF2E64AE272C74FE00F63529 /* CHCapabilities_Protocol.swift in Sources */ = {isa = PBXBuildFile; fileRef = CF2E64AC272C74FE00F63529 /* CHCapabilities_Protocol.swift */; };
		CF2E64AF272C74FE00F63529 /* CHCapabilities_Protocol.swift in Sources */ = {isa = PBXBuildFile; fileRef = CF2E64AC272C74FE00F63529 /* CHCapabilities_Protocol.swift */; };
		CF2E64B1272C76D000F63529 /* Utilities.swift in Sources */ = {isa = PBXBuildFile; fileRef = CF2E64B0272C76D000F63529 /* Utilities.swift */; };
		CF2E64B2272C76D000F63529 /* Utilities.swift in Sources */ = {isa = PBXBuildFile; fileRef = CF2E64B0272C76D000F63529 /* Utilities.swift */; };
		CF2E64B3272C76D000F63529 /* Utilities.swift in Sources */ = {isa = PBXBuildFile; fileRef = CF2E64B0272C76D000F63529 /* Utilities.swift */; };
		CF2E64B5272C78F800F63529 /* CHCapabilities.swift in Sources */ = {isa = PBXBuildFile; fileRef = CF2E64B4272C78F800F63529 /* CHCapabilities.swift */; };
		CF2E64B6272C78F800F63529 /* CHCapabilities.swift in Sources */ = {isa = PBXBuildFile; fileRef = CF2E64B4272C78F800F63529 /* CHCapabilities.swift */; };
		CF2E64B7272C78F800F63529 /* CHCapabilities.swift in Sources */ = {isa = PBXBuildFile; fileRef = CF2E64B4272C78F800F63529 /* CHCapabilities.swift */; };
		CF2E64B9272C7DF300F63529 /* CHCapabilities_Supported.swift in Sources */ = {isa = PBXBuildFile; fileRef = CF2E64B8272C7DF300F63529 /* CHCapabilities_Supported.swift */; };
		CF2E64BA272C7DF300F63529 /* CHCapabilities_Supported.swift in Sources */ = {isa = PBXBuildFile; fileRef = CF2E64B8272C7DF300F63529 /* CHCapabilities_Supported.swift */; };
		CF2E64BB272C7DF300F63529 /* CHCapabilities_Supported.swift in Sources */ = {isa = PBXBuildFile; fileRef = CF2E64B8272C7DF300F63529 /* CHCapabilities_Supported.swift */; };
		CF2E64BD272C7E4900F63529 /* CHCapabilities_Unsupported.swift in Sources */ = {isa = PBXBuildFile; fileRef = CF2E64BC272C7E4900F63529 /* CHCapabilities_Unsupported.swift */; };
		CF2E64BE272C7E4900F63529 /* CHCapabilities_Unsupported.swift in Sources */ = {isa = PBXBuildFile; fileRef = CF2E64BC272C7E4900F63529 /* CHCapabilities_Unsupported.swift */; };
		CF2E64BF272C7E4900F63529 /* CHCapabilities_Unsupported.swift in Sources */ = {isa = PBXBuildFile; fileRef = CF2E64BC272C7E4900F63529 /* CHCapabilities_Unsupported.swift */; };
		CF6841BE261C0A43007B3BA2 /* CoreHapticsWrapper.framework in CopyFiles */ = {isa = PBXBuildFile; fileRef = 7A55184624E2FC09004CDB45 /* CoreHapticsWrapper.framework */; };
		CFE05ED2261CFCE500311DFC /* CHHapticPatternPlayer_BridgingHeader.h in Headers */ = {isa = PBXBuildFile; fileRef = 7A443C722603D68D0048A408 /* CHHapticPatternPlayer_BridgingHeader.h */; settings = {ATTRIBUTES = (Public, ); }; };
		CFE05ED3261CFCE500311DFC /* CoreHapticsWrapper.h in Headers */ = {isa = PBXBuildFile; fileRef = 7A55184924E2FC09004CDB45 /* CoreHapticsWrapper.h */; settings = {ATTRIBUTES = (Public, ); }; };
		CFF6B9FF2628C9900002CEEB /* CoreHapticsWrapper.framework in CopyFiles */ = {isa = PBXBuildFile; fileRef = 7AE5BB812502C06C00BDBEDA /* CoreHapticsWrapper.framework */; };
		CFF6BA012628C9A60002CEEB /* CoreHapticsWrapper.bundle in CopyFiles */ = {isa = PBXBuildFile; fileRef = 7A55185524E2FF56004CDB45 /* CoreHapticsWrapper.bundle */; };
		CFF6BA0A2628C9CE0002CEEB /* CHHapticPatternPlayer_BridgingHeader.h in Headers */ = {isa = PBXBuildFile; fileRef = 7A443C722603D68D0048A408 /* CHHapticPatternPlayer_BridgingHeader.h */; settings = {ATTRIBUTES = (Public, ); }; };
		CFFA16E62756EA9700C62383 /* UIFBG.swift in Sources */ = {isa = PBXBuildFile; fileRef = CFFA16E52756EA9700C62383 /* UIFBG.swift */; };
		CFFA16EC2756FFA000C62383 /* UIFBG_Protocol.swift in Sources */ = {isa = PBXBuildFile; fileRef = CFFA16EB2756FFA000C62383 /* UIFBG_Protocol.swift */; };
		CFFA16ED2756FFA000C62383 /* UIFBG_Protocol.swift in Sources */ = {isa = PBXBuildFile; fileRef = CFFA16EB2756FFA000C62383 /* UIFBG_Protocol.swift */; };
		CFFA16EE2756FFA000C62383 /* UIFBG_Protocol.swift in Sources */ = {isa = PBXBuildFile; fileRef = CFFA16EB2756FFA000C62383 /* UIFBG_Protocol.swift */; };
		CFFA16EF2756FFA900C62383 /* UIFBG.swift in Sources */ = {isa = PBXBuildFile; fileRef = CFFA16E52756EA9700C62383 /* UIFBG.swift */; };
		CFFA16F02756FFA900C62383 /* UIFBG.swift in Sources */ = {isa = PBXBuildFile; fileRef = CFFA16E52756EA9700C62383 /* UIFBG.swift */; };
		CFFA16F22756FFC000C62383 /* UIFBG_Supported.swift in Sources */ = {isa = PBXBuildFile; fileRef = CFFA16F12756FFC000C62383 /* UIFBG_Supported.swift */; };
		CFFA16F32756FFC000C62383 /* UIFBG_Supported.swift in Sources */ = {isa = PBXBuildFile; fileRef = CFFA16F12756FFC000C62383 /* UIFBG_Supported.swift */; };
		CFFA16F42756FFC000C62383 /* UIFBG_Supported.swift in Sources */ = {isa = PBXBuildFile; fileRef = CFFA16F12756FFC000C62383 /* UIFBG_Supported.swift */; };
		CFFA16F62756FFCB00C62383 /* UIFBG_Unsupported.swift in Sources */ = {isa = PBXBuildFile; fileRef = CFFA16F52756FFCB00C62383 /* UIFBG_Unsupported.swift */; };
		CFFA16F72756FFCB00C62383 /* UIFBG_Unsupported.swift in Sources */ = {isa = PBXBuildFile; fileRef = CFFA16F52756FFCB00C62383 /* UIFBG_Unsupported.swift */; };
		CFFA16F82756FFCB00C62383 /* UIFBG_Unsupported.swift in Sources */ = {isa = PBXBuildFile; fileRef = CFFA16F52756FFCB00C62383 /* UIFBG_Unsupported.swift */; };
/* End PBXBuildFile section */

/* Begin PBXContainerItemProxy section */
		CFF6B9F82628C9670002CEEB /* PBXContainerItemProxy */ = {
			isa = PBXContainerItemProxy;
			containerPortal = 7A55183D24E2FC09004CDB45 /* Project object */;
			proxyType = 1;
			remoteGlobalIDString = 7A55184524E2FC09004CDB45;
			remoteInfo = "CoreHapticsWrapper iOS";
		};
		CFF6B9FA2628C9680002CEEB /* PBXContainerItemProxy */ = {
			isa = PBXContainerItemProxy;
			containerPortal = 7A55183D24E2FC09004CDB45 /* Project object */;
			proxyType = 1;
			remoteGlobalIDString = 7AE5BB732502C06C00BDBEDA;
			remoteInfo = "CoreHapticsWrapper tvOS";
		};
		CFF6B9FC2628C96A0002CEEB /* PBXContainerItemProxy */ = {
			isa = PBXContainerItemProxy;
			containerPortal = 7A55183D24E2FC09004CDB45 /* Project object */;
			proxyType = 1;
			remoteGlobalIDString = 7A55185424E2FF56004CDB45;
			remoteInfo = CoreHapticsWrapperMac;
		};
/* End PBXContainerItemProxy section */

/* Begin PBXCopyFilesBuildPhase section */
		CF6841BD261C0A3A007B3BA2 /* CopyFiles */ = {
			isa = PBXCopyFilesBuildPhase;
			buildActionMask = 2147483647;
			dstPath = "$(PROJECT_DIR)/../Apple.CoreHaptics_Unity/Assets/Apple.CoreHaptics/Plugins/iOS";
			dstSubfolderSpec = 0;
			files = (
				CF6841BE261C0A43007B3BA2 /* CoreHapticsWrapper.framework in CopyFiles */,
			);
			runOnlyForDeploymentPostprocessing = 0;
		};
		CFF6B9FE2628C9800002CEEB /* CopyFiles */ = {
			isa = PBXCopyFilesBuildPhase;
			buildActionMask = 2147483647;
			dstPath = "$(PROJECT_DIR)/../Apple.CoreHaptics_Unity/Assets/Apple.CoreHaptics/Plugins/tvOS";
			dstSubfolderSpec = 0;
			files = (
				CFF6B9FF2628C9900002CEEB /* CoreHapticsWrapper.framework in CopyFiles */,
			);
			runOnlyForDeploymentPostprocessing = 0;
		};
		CFF6BA002628C9950002CEEB /* CopyFiles */ = {
			isa = PBXCopyFilesBuildPhase;
			buildActionMask = 2147483647;
			dstPath = "$(PROJECT_DIR)/../Apple.CoreHaptics_Unity/Assets/Apple.CoreHaptics/Plugins/macOS";
			dstSubfolderSpec = 0;
			files = (
				CFF6BA012628C9A60002CEEB /* CoreHapticsWrapper.bundle in CopyFiles */,
			);
			runOnlyForDeploymentPostprocessing = 0;
		};
/* End PBXCopyFilesBuildPhase section */

/* Begin PBXFileReference section */
		7A3320E526014AD100B447CD /* CHHapticEngine_Supported.swift */ = {isa = PBXFileReference; lastKnownFileType = sourcecode.swift; path = CHHapticEngine_Supported.swift; sourceTree = "<group>"; };
		7A3320EC26014B2E00B447CD /* CHHapticEngine_Protocol.swift */ = {isa = PBXFileReference; lastKnownFileType = sourcecode.swift; name = CHHapticEngine_Protocol.swift; path = "../New Group/CHHapticEngine_Protocol.swift"; sourceTree = "<group>"; };
		7A3320F326014BF500B447CD /* CHHapticEngine_Unsupported.swift */ = {isa = PBXFileReference; lastKnownFileType = sourcecode.swift; path = CHHapticEngine_Unsupported.swift; sourceTree = "<group>"; };
		7A3320FA26015A3000B447CD /* CHHapticPatternPlayer_Protocol.swift */ = {isa = PBXFileReference; lastKnownFileType = sourcecode.swift; path = CHHapticPatternPlayer_Protocol.swift; sourceTree = "<group>"; };
		7A33210126015AA100B447CD /* CHHapticPatternPlayer_Supported.swift */ = {isa = PBXFileReference; lastKnownFileType = sourcecode.swift; path = CHHapticPatternPlayer_Supported.swift; sourceTree = "<group>"; };
		7A33210826015B1000B447CD /* CHHapticPatternPlayer_Unsupported.swift */ = {isa = PBXFileReference; lastKnownFileType = sourcecode.swift; path = CHHapticPatternPlayer_Unsupported.swift; sourceTree = "<group>"; };
		7A33210F26015D1A00B447CD /* CHHapticAdvancedPatternPlayer_Protocol.swift */ = {isa = PBXFileReference; lastKnownFileType = sourcecode.swift; name = CHHapticAdvancedPatternPlayer_Protocol.swift; path = "../New Group1/CHHapticAdvancedPatternPlayer_Protocol.swift"; sourceTree = "<group>"; };
		7A33211626015D7F00B447CD /* CHHapticAdvancedPatternPlayer_Supported.swift */ = {isa = PBXFileReference; lastKnownFileType = sourcecode.swift; path = CHHapticAdvancedPatternPlayer_Supported.swift; sourceTree = "<group>"; };
		7A33211D26015EB700B447CD /* CHHapticAdvancedPatternPlayer_Unsupported.swift */ = {isa = PBXFileReference; lastKnownFileType = sourcecode.swift; path = CHHapticAdvancedPatternPlayer_Unsupported.swift; sourceTree = "<group>"; };
		7A443C722603D68D0048A408 /* CHHapticPatternPlayer_BridgingHeader.h */ = {isa = PBXFileReference; lastKnownFileType = sourcecode.c.h; path = CHHapticPatternPlayer_BridgingHeader.h; sourceTree = "<group>"; };
		7A55184624E2FC09004CDB45 /* CoreHapticsWrapper.framework */ = {isa = PBXFileReference; explicitFileType = wrapper.framework; includeInIndex = 0; path = CoreHapticsWrapper.framework; sourceTree = BUILT_PRODUCTS_DIR; };
		7A55184924E2FC09004CDB45 /* CoreHapticsWrapper.h */ = {isa = PBXFileReference; lastKnownFileType = sourcecode.c.h; path = CoreHapticsWrapper.h; sourceTree = "<group>"; };
		7A55184A24E2FC09004CDB45 /* Info.plist */ = {isa = PBXFileReference; lastKnownFileType = text.plist.xml; path = Info.plist; sourceTree = "<group>"; };
		7A55185524E2FF56004CDB45 /* CoreHapticsWrapper.bundle */ = {isa = PBXFileReference; explicitFileType = wrapper.cfbundle; includeInIndex = 0; path = CoreHapticsWrapper.bundle; sourceTree = BUILT_PRODUCTS_DIR; };
		7A55186124E6FBA0004CDB45 /* General_CallbackTypeDefinitions.swift */ = {isa = PBXFileReference; lastKnownFileType = sourcecode.swift; path = General_CallbackTypeDefinitions.swift; sourceTree = "<group>"; };
		7A55186624E70042004CDB45 /* Extensions.swift */ = {isa = PBXFileReference; lastKnownFileType = sourcecode.swift; path = Extensions.swift; sourceTree = "<group>"; };
		7A55186924E70D49004CDB45 /* BridgingHeader-macOS.h */ = {isa = PBXFileReference; lastKnownFileType = sourcecode.c.h; path = "BridgingHeader-macOS.h"; sourceTree = "<group>"; };
		7A7D6B9B25DC56FD0072DB37 /* CHHapticEngine.swift */ = {isa = PBXFileReference; lastKnownFileType = sourcecode.swift; path = CHHapticEngine.swift; sourceTree = "<group>"; };
		7AE5BB812502C06C00BDBEDA /* CoreHapticsWrapper.framework */ = {isa = PBXFileReference; explicitFileType = wrapper.framework; includeInIndex = 0; path = CoreHapticsWrapper.framework; sourceTree = BUILT_PRODUCTS_DIR; };
		9473E3B925DEF3F600B4AD36 /* CHHapticAdvancedPatternPlayer.swift */ = {isa = PBXFileReference; lastKnownFileType = sourcecode.swift; path = CHHapticAdvancedPatternPlayer.swift; sourceTree = "<group>"; };
		948088A125D6DF1200D7DAF0 /* CoreHaptics.framework */ = {isa = PBXFileReference; lastKnownFileType = wrapper.framework; name = CoreHaptics.framework; path = System/Library/Frameworks/CoreHaptics.framework; sourceTree = SDKROOT; };
		948088A325D6DF1B00D7DAF0 /* AVFoundation.framework */ = {isa = PBXFileReference; lastKnownFileType = wrapper.framework; name = AVFoundation.framework; path = System/Library/Frameworks/AVFoundation.framework; sourceTree = SDKROOT; };
		948088BA25D7052A00D7DAF0 /* CHHapticPatternPlayer.swift */ = {isa = PBXFileReference; lastKnownFileType = sourcecode.swift; path = CHHapticPatternPlayer.swift; sourceTree = "<group>"; };
		CF2E64AC272C74FE00F63529 /* CHCapabilities_Protocol.swift */ = {isa = PBXFileReference; lastKnownFileType = sourcecode.swift; path = CHCapabilities_Protocol.swift; sourceTree = "<group>"; };
		CF2E64B0272C76D000F63529 /* Utilities.swift */ = {isa = PBXFileReference; lastKnownFileType = sourcecode.swift; path = Utilities.swift; sourceTree = "<group>"; };
		CF2E64B4272C78F800F63529 /* CHCapabilities.swift */ = {isa = PBXFileReference; lastKnownFileType = sourcecode.swift; path = CHCapabilities.swift; sourceTree = "<group>"; };
		CF2E64B8272C7DF300F63529 /* CHCapabilities_Supported.swift */ = {isa = PBXFileReference; lastKnownFileType = sourcecode.swift; path = CHCapabilities_Supported.swift; sourceTree = "<group>"; };
		CF2E64BC272C7E4900F63529 /* CHCapabilities_Unsupported.swift */ = {isa = PBXFileReference; lastKnownFileType = sourcecode.swift; path = CHCapabilities_Unsupported.swift; sourceTree = "<group>"; };
		CFFA16E52756EA9700C62383 /* UIFBG.swift */ = {isa = PBXFileReference; lastKnownFileType = sourcecode.swift; path = UIFBG.swift; sourceTree = "<group>"; };
		CFFA16EB2756FFA000C62383 /* UIFBG_Protocol.swift */ = {isa = PBXFileReference; lastKnownFileType = sourcecode.swift; path = UIFBG_Protocol.swift; sourceTree = "<group>"; };
		CFFA16F12756FFC000C62383 /* UIFBG_Supported.swift */ = {isa = PBXFileReference; lastKnownFileType = sourcecode.swift; path = UIFBG_Supported.swift; sourceTree = "<group>"; };
		CFFA16F52756FFCB00C62383 /* UIFBG_Unsupported.swift */ = {isa = PBXFileReference; lastKnownFileType = sourcecode.swift; path = UIFBG_Unsupported.swift; sourceTree = "<group>"; };
/* End PBXFileReference section */

/* Begin PBXFrameworksBuildPhase section */
		7A55184324E2FC09004CDB45 /* Frameworks */ = {
			isa = PBXFrameworksBuildPhase;
			buildActionMask = 2147483647;
			files = (
				948088A425D6DF1B00D7DAF0 /* AVFoundation.framework in Frameworks */,
				948088A225D6DF1200D7DAF0 /* CoreHaptics.framework in Frameworks */,
			);
			runOnlyForDeploymentPostprocessing = 0;
		};
		7A55185224E2FF56004CDB45 /* Frameworks */ = {
			isa = PBXFrameworksBuildPhase;
			buildActionMask = 2147483647;
			files = (
			);
			runOnlyForDeploymentPostprocessing = 0;
		};
		7AE5BB7C2502C06C00BDBEDA /* Frameworks */ = {
			isa = PBXFrameworksBuildPhase;
			buildActionMask = 2147483647;
			files = (
			);
			runOnlyForDeploymentPostprocessing = 0;
		};
/* End PBXFrameworksBuildPhase section */

/* Begin PBXGroup section */
		7A55183C24E2FC09004CDB45 = {
			isa = PBXGroup;
			children = (
				7A55184824E2FC09004CDB45 /* CoreHapticsWrapper */,
				7A55184724E2FC09004CDB45 /* Products */,
				948088A025D6DF1100D7DAF0 /* Frameworks */,
			);
			sourceTree = "<group>";
		};
		7A55184724E2FC09004CDB45 /* Products */ = {
			isa = PBXGroup;
			children = (
				7A55184624E2FC09004CDB45 /* CoreHapticsWrapper.framework */,
				7A55185524E2FF56004CDB45 /* CoreHapticsWrapper.bundle */,
				7AE5BB812502C06C00BDBEDA /* CoreHapticsWrapper.framework */,
			);
			name = Products;
			sourceTree = "<group>";
		};
		7A55184824E2FC09004CDB45 /* CoreHapticsWrapper */ = {
			isa = PBXGroup;
			children = (
				7A55185B24E6FA35004CDB45 /* Haptics */,
				7A55184924E2FC09004CDB45 /* CoreHapticsWrapper.h */,
				7A55184A24E2FC09004CDB45 /* Info.plist */,
				7A55186124E6FBA0004CDB45 /* General_CallbackTypeDefinitions.swift */,
				7A55186624E70042004CDB45 /* Extensions.swift */,
				7A55186924E70D49004CDB45 /* BridgingHeader-macOS.h */,
			);
			path = CoreHapticsWrapper;
			sourceTree = "<group>";
		};
		7A55185B24E6FA35004CDB45 /* Haptics */ = {
			isa = PBXGroup;
			children = (
				CFFA16E42756E9F200C62383 /* UIFBG */,
				CF2E64AB272C74E800F63529 /* Capabilities */,
				CF2E64AA272C74DB00F63529 /* HapticAdvancedPatternPlayer */,
				CF2E64A9272C74CA00F63529 /* HapticPatternPlayer */,
				CF2E64A8272C74BD00F63529 /* HapticEngine */,
				7A443C722603D68D0048A408 /* CHHapticPatternPlayer_BridgingHeader.h */,
				CF2E64B0272C76D000F63529 /* Utilities.swift */,
			);
			path = Haptics;
			sourceTree = "<group>";
		};
		948088A025D6DF1100D7DAF0 /* Frameworks */ = {
			isa = PBXGroup;
			children = (
				948088A325D6DF1B00D7DAF0 /* AVFoundation.framework */,
				948088A125D6DF1200D7DAF0 /* CoreHaptics.framework */,
			);
			name = Frameworks;
			sourceTree = "<group>";
		};
		CF2E64A8272C74BD00F63529 /* HapticEngine */ = {
			isa = PBXGroup;
			children = (
				7A7D6B9B25DC56FD0072DB37 /* CHHapticEngine.swift */,
				7A3320E526014AD100B447CD /* CHHapticEngine_Supported.swift */,
				7A3320EC26014B2E00B447CD /* CHHapticEngine_Protocol.swift */,
				7A3320F326014BF500B447CD /* CHHapticEngine_Unsupported.swift */,
			);
			path = HapticEngine;
			sourceTree = "<group>";
		};
		CF2E64A9272C74CA00F63529 /* HapticPatternPlayer */ = {
			isa = PBXGroup;
			children = (
				948088BA25D7052A00D7DAF0 /* CHHapticPatternPlayer.swift */,
				7A3320FA26015A3000B447CD /* CHHapticPatternPlayer_Protocol.swift */,
				7A33210126015AA100B447CD /* CHHapticPatternPlayer_Supported.swift */,
				7A33210826015B1000B447CD /* CHHapticPatternPlayer_Unsupported.swift */,
			);
			path = HapticPatternPlayer;
			sourceTree = "<group>";
		};
		CF2E64AA272C74DB00F63529 /* HapticAdvancedPatternPlayer */ = {
			isa = PBXGroup;
			children = (
				9473E3B925DEF3F600B4AD36 /* CHHapticAdvancedPatternPlayer.swift */,
				7A33210F26015D1A00B447CD /* CHHapticAdvancedPatternPlayer_Protocol.swift */,
				7A33211626015D7F00B447CD /* CHHapticAdvancedPatternPlayer_Supported.swift */,
				7A33211D26015EB700B447CD /* CHHapticAdvancedPatternPlayer_Unsupported.swift */,
			);
			path = HapticAdvancedPatternPlayer;
			sourceTree = "<group>";
		};
		CF2E64AB272C74E800F63529 /* Capabilities */ = {
			isa = PBXGroup;
			children = (
				CF2E64B4272C78F800F63529 /* CHCapabilities.swift */,
				CF2E64AC272C74FE00F63529 /* CHCapabilities_Protocol.swift */,
				CF2E64B8272C7DF300F63529 /* CHCapabilities_Supported.swift */,
				CF2E64BC272C7E4900F63529 /* CHCapabilities_Unsupported.swift */,
			);
			path = Capabilities;
			sourceTree = "<group>";
		};
		CFFA16E42756E9F200C62383 /* UIFBG */ = {
			isa = PBXGroup;
			children = (
				CFFA16E52756EA9700C62383 /* UIFBG.swift */,
				CFFA16EB2756FFA000C62383 /* UIFBG_Protocol.swift */,
				CFFA16F12756FFC000C62383 /* UIFBG_Supported.swift */,
				CFFA16F52756FFCB00C62383 /* UIFBG_Unsupported.swift */,
			);
			path = UIFBG;
			sourceTree = "<group>";
		};
/* End PBXGroup section */

/* Begin PBXHeadersBuildPhase section */
		7A55184124E2FC09004CDB45 /* Headers */ = {
			isa = PBXHeadersBuildPhase;
			buildActionMask = 2147483647;
			files = (
				CFE05ED3261CFCE500311DFC /* CoreHapticsWrapper.h in Headers */,
				CFE05ED2261CFCE500311DFC /* CHHapticPatternPlayer_BridgingHeader.h in Headers */,
			);
			runOnlyForDeploymentPostprocessing = 0;
		};
		7A55186424E6FD41004CDB45 /* Headers */ = {
			isa = PBXHeadersBuildPhase;
			buildActionMask = 2147483647;
			files = (
				7A55186A24E70D49004CDB45 /* BridgingHeader-macOS.h in Headers */,
				CFF6BA0A2628C9CE0002CEEB /* CHHapticPatternPlayer_BridgingHeader.h in Headers */,
			);
			runOnlyForDeploymentPostprocessing = 0;
		};
		7AE5BB742502C06C00BDBEDA /* Headers */ = {
			isa = PBXHeadersBuildPhase;
			buildActionMask = 2147483647;
			files = (
				7AE5BB752502C06C00BDBEDA /* CoreHapticsWrapper.h in Headers */,
				7A443C742603D68D0048A408 /* CHHapticPatternPlayer_BridgingHeader.h in Headers */,
			);
			runOnlyForDeploymentPostprocessing = 0;
		};
/* End PBXHeadersBuildPhase section */

/* Begin PBXNativeTarget section */
		7A55184524E2FC09004CDB45 /* CoreHapticsWrapper iOS */ = {
			isa = PBXNativeTarget;
			buildConfigurationList = 7A55184E24E2FC09004CDB45 /* Build configuration list for PBXNativeTarget "CoreHapticsWrapper iOS" */;
			buildPhases = (
				7A55184124E2FC09004CDB45 /* Headers */,
				7A55184224E2FC09004CDB45 /* Sources */,
				7A55184324E2FC09004CDB45 /* Frameworks */,
				7A55184424E2FC09004CDB45 /* Resources */,
				CF6841BD261C0A3A007B3BA2 /* CopyFiles */,
			);
			buildRules = (
			);
			dependencies = (
			);
			name = "CoreHapticsWrapper iOS";
			productName = GameControllerWrapper;
			productReference = 7A55184624E2FC09004CDB45 /* CoreHapticsWrapper.framework */;
			productType = "com.apple.product-type.framework";
		};
		7A55185424E2FF56004CDB45 /* CoreHapticsWrapperMac */ = {
			isa = PBXNativeTarget;
			buildConfigurationList = 7A55185A24E2FF56004CDB45 /* Build configuration list for PBXNativeTarget "CoreHapticsWrapperMac" */;
			buildPhases = (
				7A55186424E6FD41004CDB45 /* Headers */,
				7A55185124E2FF56004CDB45 /* Sources */,
				7A55185224E2FF56004CDB45 /* Frameworks */,
				7A55185324E2FF56004CDB45 /* Resources */,
				CFF6BA002628C9950002CEEB /* CopyFiles */,
			);
			buildRules = (
			);
			dependencies = (
			);
			name = CoreHapticsWrapperMac;
			productName = GameControllerWrapperMac;
			productReference = 7A55185524E2FF56004CDB45 /* CoreHapticsWrapper.bundle */;
			productType = "com.apple.product-type.bundle";
		};
		7AE5BB732502C06C00BDBEDA /* CoreHapticsWrapper tvOS */ = {
			isa = PBXNativeTarget;
			buildConfigurationList = 7AE5BB7E2502C06C00BDBEDA /* Build configuration list for PBXNativeTarget "CoreHapticsWrapper tvOS" */;
			buildPhases = (
				7AE5BB742502C06C00BDBEDA /* Headers */,
				7AE5BB772502C06C00BDBEDA /* Sources */,
				7AE5BB7C2502C06C00BDBEDA /* Frameworks */,
				7AE5BB7D2502C06C00BDBEDA /* Resources */,
				CFF6B9FE2628C9800002CEEB /* CopyFiles */,
			);
			buildRules = (
			);
			dependencies = (
			);
			name = "CoreHapticsWrapper tvOS";
			productName = GameControllerWrapper;
			productReference = 7AE5BB812502C06C00BDBEDA /* CoreHapticsWrapper.framework */;
			productType = "com.apple.product-type.framework";
		};
/* End PBXNativeTarget section */

/* Begin PBXProject section */
		7A55183D24E2FC09004CDB45 /* Project object */ = {
			isa = PBXProject;
			attributes = {
				LastUpgradeCheck = 1200;
				ORGANIZATIONNAME = "Apple, Inc.";
				TargetAttributes = {
					7A55184524E2FC09004CDB45 = {
						CreatedOnToolsVersion = 11.6;
						LastSwiftMigration = 1160;
					};
					7A55185424E2FF56004CDB45 = {
						CreatedOnToolsVersion = 11.6;
						LastSwiftMigration = 1160;
					};
					CFF6B9F02628C9630002CEEB = {
						CreatedOnToolsVersion = 12.2;
					};
				};
			};
			buildConfigurationList = 7A55184024E2FC09004CDB45 /* Build configuration list for PBXProject "CoreHapticsWrapper" */;
			compatibilityVersion = "Xcode 9.3";
			developmentRegion = en;
			hasScannedForEncodings = 0;
			knownRegions = (
				en,
				Base,
			);
			mainGroup = 7A55183C24E2FC09004CDB45;
			productRefGroup = 7A55184724E2FC09004CDB45 /* Products */;
			projectDirPath = "";
			projectRoot = "";
			targets = (
				7A55184524E2FC09004CDB45 /* CoreHapticsWrapper iOS */,
				7AE5BB732502C06C00BDBEDA /* CoreHapticsWrapper tvOS */,
				7A55185424E2FF56004CDB45 /* CoreHapticsWrapperMac */,
				CFF6B9F02628C9630002CEEB /* all */,
			);
		};
/* End PBXProject section */

/* Begin PBXResourcesBuildPhase section */
		7A55184424E2FC09004CDB45 /* Resources */ = {
			isa = PBXResourcesBuildPhase;
			buildActionMask = 2147483647;
			files = (
			);
			runOnlyForDeploymentPostprocessing = 0;
		};
		7A55185324E2FF56004CDB45 /* Resources */ = {
			isa = PBXResourcesBuildPhase;
			buildActionMask = 2147483647;
			files = (
			);
			runOnlyForDeploymentPostprocessing = 0;
		};
		7AE5BB7D2502C06C00BDBEDA /* Resources */ = {
			isa = PBXResourcesBuildPhase;
			buildActionMask = 2147483647;
			files = (
			);
			runOnlyForDeploymentPostprocessing = 0;
		};
/* End PBXResourcesBuildPhase section */

/* Begin PBXSourcesBuildPhase section */
		7A55184224E2FC09004CDB45 /* Sources */ = {
			isa = PBXSourcesBuildPhase;
			buildActionMask = 2147483647;
			files = (
				CFFA16EC2756FFA000C62383 /* UIFBG_Protocol.swift in Sources */,
				7A55186224E6FBA0004CDB45 /* General_CallbackTypeDefinitions.swift in Sources */,
				7A33211026015D1A00B447CD /* CHHapticAdvancedPatternPlayer_Protocol.swift in Sources */,
				7A3320FB26015A3000B447CD /* CHHapticPatternPlayer_Protocol.swift in Sources */,
				7A33211E26015EB700B447CD /* CHHapticAdvancedPatternPlayer_Unsupported.swift in Sources */,
				948088BB25D7052A00D7DAF0 /* CHHapticPatternPlayer.swift in Sources */,
				7A3320F426014BF500B447CD /* CHHapticEngine_Unsupported.swift in Sources */,
				CF2E64B1272C76D000F63529 /* Utilities.swift in Sources */,
				CFFA16F22756FFC000C62383 /* UIFBG_Supported.swift in Sources */,
				7A3320E626014AD100B447CD /* CHHapticEngine_Supported.swift in Sources */,
				7A55186724E70042004CDB45 /* Extensions.swift in Sources */,
				CF2E64B9272C7DF300F63529 /* CHCapabilities_Supported.swift in Sources */,
				CFFA16F62756FFCB00C62383 /* UIFBG_Unsupported.swift in Sources */,
				7A33210226015AA100B447CD /* CHHapticPatternPlayer_Supported.swift in Sources */,
				7A7D6B9C25DC56FD0072DB37 /* CHHapticEngine.swift in Sources */,
				7A33210926015B1000B447CD /* CHHapticPatternPlayer_Unsupported.swift in Sources */,
				9473E3BA25DEF3F600B4AD36 /* CHHapticAdvancedPatternPlayer.swift in Sources */,
				CF2E64BD272C7E4900F63529 /* CHCapabilities_Unsupported.swift in Sources */,
				CFFA16E62756EA9700C62383 /* UIFBG.swift in Sources */,
				CF2E64AD272C74FE00F63529 /* CHCapabilities_Protocol.swift in Sources */,
				7A33211726015D7F00B447CD /* CHHapticAdvancedPatternPlayer_Supported.swift in Sources */,
				7A3320ED26014B2E00B447CD /* CHHapticEngine_Protocol.swift in Sources */,
				CF2E64B5272C78F800F63529 /* CHCapabilities.swift in Sources */,
			);
			runOnlyForDeploymentPostprocessing = 0;
		};
		7A55185124E2FF56004CDB45 /* Sources */ = {
			isa = PBXSourcesBuildPhase;
			buildActionMask = 2147483647;
			files = (
				7A55186324E6FBA0004CDB45 /* General_CallbackTypeDefinitions.swift in Sources */,
				7A33211226015D1A00B447CD /* CHHapticAdvancedPatternPlayer_Protocol.swift in Sources */,
				7A3320FD26015A3000B447CD /* CHHapticPatternPlayer_Protocol.swift in Sources */,
				7A33212026015EB700B447CD /* CHHapticAdvancedPatternPlayer_Unsupported.swift in Sources */,
				948088BD25D7052A00D7DAF0 /* CHHapticPatternPlayer.swift in Sources */,
				7A3320F626014BF500B447CD /* CHHapticEngine_Unsupported.swift in Sources */,
				CF2E64B3272C76D000F63529 /* Utilities.swift in Sources */,
				7A3320E826014AD100B447CD /* CHHapticEngine_Supported.swift in Sources */,
				CFFA16F42756FFC000C62383 /* UIFBG_Supported.swift in Sources */,
				7A55186824E70042004CDB45 /* Extensions.swift in Sources */,
				CF2E64BB272C7DF300F63529 /* CHCapabilities_Supported.swift in Sources */,
				7A33210426015AA100B447CD /* CHHapticPatternPlayer_Supported.swift in Sources */,
				CFFA16F82756FFCB00C62383 /* UIFBG_Unsupported.swift in Sources */,
				7A7D6B9E25DC56FD0072DB37 /* CHHapticEngine.swift in Sources */,
				7A33210B26015B1000B447CD /* CHHapticPatternPlayer_Unsupported.swift in Sources */,
				9473E3BC25DEF3F600B4AD36 /* CHHapticAdvancedPatternPlayer.swift in Sources */,
				CF2E64BF272C7E4900F63529 /* CHCapabilities_Unsupported.swift in Sources */,
				CF2E64AF272C74FE00F63529 /* CHCapabilities_Protocol.swift in Sources */,
				7A33211926015D7F00B447CD /* CHHapticAdvancedPatternPlayer_Supported.swift in Sources */,
				CFFA16EE2756FFA000C62383 /* UIFBG_Protocol.swift in Sources */,
				CFFA16F02756FFA900C62383 /* UIFBG.swift in Sources */,
				7A3320EF26014B2E00B447CD /* CHHapticEngine_Protocol.swift in Sources */,
				CF2E64B7272C78F800F63529 /* CHCapabilities.swift in Sources */,
			);
			runOnlyForDeploymentPostprocessing = 0;
		};
		7AE5BB772502C06C00BDBEDA /* Sources */ = {
			isa = PBXSourcesBuildPhase;
			buildActionMask = 2147483647;
			files = (
				7AE5BB782502C06C00BDBEDA /* General_CallbackTypeDefinitions.swift in Sources */,
				7A33211126015D1A00B447CD /* CHHapticAdvancedPatternPlayer_Protocol.swift in Sources */,
				7A3320FC26015A3000B447CD /* CHHapticPatternPlayer_Protocol.swift in Sources */,
				7A33211F26015EB700B447CD /* CHHapticAdvancedPatternPlayer_Unsupported.swift in Sources */,
				948088BC25D7052A00D7DAF0 /* CHHapticPatternPlayer.swift in Sources */,
				7A3320F526014BF500B447CD /* CHHapticEngine_Unsupported.swift in Sources */,
				CF2E64B2272C76D000F63529 /* Utilities.swift in Sources */,
				7A3320E726014AD100B447CD /* CHHapticEngine_Supported.swift in Sources */,
				CFFA16F32756FFC000C62383 /* UIFBG_Supported.swift in Sources */,
				7AE5BB792502C06C00BDBEDA /* Extensions.swift in Sources */,
				CF2E64BA272C7DF300F63529 /* CHCapabilities_Supported.swift in Sources */,
				7A33210326015AA100B447CD /* CHHapticPatternPlayer_Supported.swift in Sources */,
				CFFA16F72756FFCB00C62383 /* UIFBG_Unsupported.swift in Sources */,
				7A7D6B9D25DC56FD0072DB37 /* CHHapticEngine.swift in Sources */,
				7A33210A26015B1000B447CD /* CHHapticPatternPlayer_Unsupported.swift in Sources */,
				9473E3BB25DEF3F600B4AD36 /* CHHapticAdvancedPatternPlayer.swift in Sources */,
				CF2E64BE272C7E4900F63529 /* CHCapabilities_Unsupported.swift in Sources */,
				CF2E64AE272C74FE00F63529 /* CHCapabilities_Protocol.swift in Sources */,
				7A33211826015D7F00B447CD /* CHHapticAdvancedPatternPlayer_Supported.swift in Sources */,
				CFFA16ED2756FFA000C62383 /* UIFBG_Protocol.swift in Sources */,
				CFFA16EF2756FFA900C62383 /* UIFBG.swift in Sources */,
				7A3320EE26014B2E00B447CD /* CHHapticEngine_Protocol.swift in Sources */,
				CF2E64B6272C78F800F63529 /* CHCapabilities.swift in Sources */,
			);
			runOnlyForDeploymentPostprocessing = 0;
		};
/* End PBXSourcesBuildPhase section */

/* Begin PBXTargetDependency section */
		CFF6B9F92628C9670002CEEB /* PBXTargetDependency */ = {
			isa = PBXTargetDependency;
			target = 7A55184524E2FC09004CDB45 /* CoreHapticsWrapper iOS */;
			targetProxy = CFF6B9F82628C9670002CEEB /* PBXContainerItemProxy */;
		};
		CFF6B9FB2628C9680002CEEB /* PBXTargetDependency */ = {
			isa = PBXTargetDependency;
			target = 7AE5BB732502C06C00BDBEDA /* CoreHapticsWrapper tvOS */;
			targetProxy = CFF6B9FA2628C9680002CEEB /* PBXContainerItemProxy */;
		};
		CFF6B9FD2628C96A0002CEEB /* PBXTargetDependency */ = {
			isa = PBXTargetDependency;
			target = 7A55185424E2FF56004CDB45 /* CoreHapticsWrapperMac */;
			targetProxy = CFF6B9FC2628C96A0002CEEB /* PBXContainerItemProxy */;
		};
/* End PBXTargetDependency section */

/* Begin XCBuildConfiguration section */
		7A55184C24E2FC09004CDB45 /* Debug */ = {
			isa = XCBuildConfiguration;
			buildSettings = {
				ALWAYS_SEARCH_USER_PATHS = NO;
				CLANG_ANALYZER_NONNULL = YES;
				CLANG_ANALYZER_NUMBER_OBJECT_CONVERSION = YES_AGGRESSIVE;
				CLANG_CXX_LANGUAGE_STANDARD = "gnu++14";
				CLANG_CXX_LIBRARY = "libc++";
				CLANG_ENABLE_MODULES = YES;
				CLANG_ENABLE_OBJC_ARC = YES;
				CLANG_ENABLE_OBJC_WEAK = YES;
				CLANG_WARN_BLOCK_CAPTURE_AUTORELEASING = YES;
				CLANG_WARN_BOOL_CONVERSION = YES;
				CLANG_WARN_COMMA = YES;
				CLANG_WARN_CONSTANT_CONVERSION = YES;
				CLANG_WARN_DEPRECATED_OBJC_IMPLEMENTATIONS = YES;
				CLANG_WARN_DIRECT_OBJC_ISA_USAGE = YES_ERROR;
				CLANG_WARN_DOCUMENTATION_COMMENTS = YES;
				CLANG_WARN_EMPTY_BODY = YES;
				CLANG_WARN_ENUM_CONVERSION = YES;
				CLANG_WARN_INFINITE_RECURSION = YES;
				CLANG_WARN_INT_CONVERSION = YES;
				CLANG_WARN_NON_LITERAL_NULL_CONVERSION = YES;
				CLANG_WARN_OBJC_IMPLICIT_RETAIN_SELF = YES;
				CLANG_WARN_OBJC_LITERAL_CONVERSION = YES;
				CLANG_WARN_OBJC_ROOT_CLASS = YES_ERROR;
				CLANG_WARN_QUOTED_INCLUDE_IN_FRAMEWORK_HEADER = YES;
				CLANG_WARN_RANGE_LOOP_ANALYSIS = YES;
				CLANG_WARN_STRICT_PROTOTYPES = YES;
				CLANG_WARN_SUSPICIOUS_MOVE = YES;
				CLANG_WARN_UNGUARDED_AVAILABILITY = YES_AGGRESSIVE;
				CLANG_WARN_UNREACHABLE_CODE = YES;
				CLANG_WARN__DUPLICATE_METHOD_MATCH = YES;
				COPY_PHASE_STRIP = NO;
				CURRENT_PROJECT_VERSION = 1;
				DEBUG_INFORMATION_FORMAT = dwarf;
				ENABLE_STRICT_OBJC_MSGSEND = YES;
				ENABLE_TESTABILITY = YES;
				GCC_C_LANGUAGE_STANDARD = gnu11;
				GCC_DYNAMIC_NO_PIC = NO;
				GCC_NO_COMMON_BLOCKS = YES;
				GCC_OPTIMIZATION_LEVEL = 0;
				GCC_PREPROCESSOR_DEFINITIONS = (
					"DEBUG=1",
					"$(inherited)",
				);
				GCC_WARN_64_TO_32_BIT_CONVERSION = YES;
				GCC_WARN_ABOUT_RETURN_TYPE = YES_ERROR;
				GCC_WARN_UNDECLARED_SELECTOR = YES;
				GCC_WARN_UNINITIALIZED_AUTOS = YES_AGGRESSIVE;
				GCC_WARN_UNUSED_FUNCTION = YES;
				GCC_WARN_UNUSED_VARIABLE = YES;
				IPHONEOS_DEPLOYMENT_TARGET = 13.6;
				MTL_ENABLE_DEBUG_INFO = INCLUDE_SOURCE;
				MTL_FAST_MATH = YES;
				ONLY_ACTIVE_ARCH = YES;
				SDKROOT = iphoneos;
				SWIFT_ACTIVE_COMPILATION_CONDITIONS = DEBUG;
				SWIFT_OPTIMIZATION_LEVEL = "-Onone";
				VERSIONING_SYSTEM = "apple-generic";
				VERSION_INFO_PREFIX = "";
			};
			name = Debug;
		};
		7A55184D24E2FC09004CDB45 /* Release */ = {
			isa = XCBuildConfiguration;
			buildSettings = {
				ALWAYS_SEARCH_USER_PATHS = NO;
				CLANG_ANALYZER_NONNULL = YES;
				CLANG_ANALYZER_NUMBER_OBJECT_CONVERSION = YES_AGGRESSIVE;
				CLANG_CXX_LANGUAGE_STANDARD = "gnu++14";
				CLANG_CXX_LIBRARY = "libc++";
				CLANG_ENABLE_MODULES = YES;
				CLANG_ENABLE_OBJC_ARC = YES;
				CLANG_ENABLE_OBJC_WEAK = YES;
				CLANG_WARN_BLOCK_CAPTURE_AUTORELEASING = YES;
				CLANG_WARN_BOOL_CONVERSION = YES;
				CLANG_WARN_COMMA = YES;
				CLANG_WARN_CONSTANT_CONVERSION = YES;
				CLANG_WARN_DEPRECATED_OBJC_IMPLEMENTATIONS = YES;
				CLANG_WARN_DIRECT_OBJC_ISA_USAGE = YES_ERROR;
				CLANG_WARN_DOCUMENTATION_COMMENTS = YES;
				CLANG_WARN_EMPTY_BODY = YES;
				CLANG_WARN_ENUM_CONVERSION = YES;
				CLANG_WARN_INFINITE_RECURSION = YES;
				CLANG_WARN_INT_CONVERSION = YES;
				CLANG_WARN_NON_LITERAL_NULL_CONVERSION = YES;
				CLANG_WARN_OBJC_IMPLICIT_RETAIN_SELF = YES;
				CLANG_WARN_OBJC_LITERAL_CONVERSION = YES;
				CLANG_WARN_OBJC_ROOT_CLASS = YES_ERROR;
				CLANG_WARN_QUOTED_INCLUDE_IN_FRAMEWORK_HEADER = YES;
				CLANG_WARN_RANGE_LOOP_ANALYSIS = YES;
				CLANG_WARN_STRICT_PROTOTYPES = YES;
				CLANG_WARN_SUSPICIOUS_MOVE = YES;
				CLANG_WARN_UNGUARDED_AVAILABILITY = YES_AGGRESSIVE;
				CLANG_WARN_UNREACHABLE_CODE = YES;
				CLANG_WARN__DUPLICATE_METHOD_MATCH = YES;
				COPY_PHASE_STRIP = NO;
				CURRENT_PROJECT_VERSION = 1;
				DEBUG_INFORMATION_FORMAT = "dwarf-with-dsym";
				ENABLE_NS_ASSERTIONS = NO;
				ENABLE_STRICT_OBJC_MSGSEND = YES;
				GCC_C_LANGUAGE_STANDARD = gnu11;
				GCC_NO_COMMON_BLOCKS = YES;
				GCC_WARN_64_TO_32_BIT_CONVERSION = YES;
				GCC_WARN_ABOUT_RETURN_TYPE = YES_ERROR;
				GCC_WARN_UNDECLARED_SELECTOR = YES;
				GCC_WARN_UNINITIALIZED_AUTOS = YES_AGGRESSIVE;
				GCC_WARN_UNUSED_FUNCTION = YES;
				GCC_WARN_UNUSED_VARIABLE = YES;
				IPHONEOS_DEPLOYMENT_TARGET = 13.6;
				MTL_ENABLE_DEBUG_INFO = NO;
				MTL_FAST_MATH = YES;
				SDKROOT = iphoneos;
				SWIFT_COMPILATION_MODE = wholemodule;
				SWIFT_OPTIMIZATION_LEVEL = "-O";
				VALIDATE_PRODUCT = YES;
				VERSIONING_SYSTEM = "apple-generic";
				VERSION_INFO_PREFIX = "";
			};
			name = Release;
		};
		7A55184F24E2FC09004CDB45 /* Debug */ = {
			isa = XCBuildConfiguration;
			buildSettings = {
				CLANG_ENABLE_MODULES = YES;
				CODE_SIGN_IDENTITY = "Apple Development";
				CODE_SIGN_STYLE = Manual;
				DEFINES_MODULE = YES;
				DEVELOPMENT_TEAM = "";
				DYLIB_COMPATIBILITY_VERSION = 1;
				DYLIB_CURRENT_VERSION = 1;
				DYLIB_INSTALL_NAME_BASE = "@rpath";
				INFOPLIST_FILE = CoreHapticsWrapper/Info.plist;
				INFOPLIST_OUTPUT_FORMAT = XML;
				INSTALL_PATH = "$(LOCAL_LIBRARY_DIR)/Frameworks";
				IPHONEOS_DEPLOYMENT_TARGET = 13.0;
				LD_RUNPATH_SEARCH_PATHS = (
					"$(inherited)",
					"@executable_path/Frameworks",
					"@loader_path/Frameworks",
				);
				MACOSX_DEPLOYMENT_TARGET = 10.15;
				PRODUCT_BUNDLE_IDENTIFIER = "com.apple-plugins.CoreHapticsWrapper-iOS";
				PRODUCT_NAME = CoreHapticsWrapper;
				PROVISIONING_PROFILE_SPECIFIER = "";
				SKIP_INSTALL = YES;
				SUPPORTS_MACCATALYST = NO;
				SWIFT_OPTIMIZATION_LEVEL = "-Onone";
				SWIFT_VERSION = 5.0;
				TARGETED_DEVICE_FAMILY = "1,2";
				TVOS_DEPLOYMENT_TARGET = 13.0;
			};
			name = Debug;
		};
		7A55185024E2FC09004CDB45 /* Release */ = {
			isa = XCBuildConfiguration;
			buildSettings = {
				CLANG_ENABLE_MODULES = YES;
				CODE_SIGN_IDENTITY = "Apple Development";
				CODE_SIGN_STYLE = Manual;
				DEFINES_MODULE = YES;
				DEVELOPMENT_TEAM = "";
				DYLIB_COMPATIBILITY_VERSION = 1;
				DYLIB_CURRENT_VERSION = 1;
				DYLIB_INSTALL_NAME_BASE = "@rpath";
				INFOPLIST_FILE = CoreHapticsWrapper/Info.plist;
				INFOPLIST_OUTPUT_FORMAT = XML;
				INSTALL_PATH = "$(LOCAL_LIBRARY_DIR)/Frameworks";
				IPHONEOS_DEPLOYMENT_TARGET = 13.0;
				LD_RUNPATH_SEARCH_PATHS = (
					"$(inherited)",
					"@executable_path/Frameworks",
					"@loader_path/Frameworks",
				);
				MACOSX_DEPLOYMENT_TARGET = 10.15;
				PRODUCT_BUNDLE_IDENTIFIER = "com.apple-plugins.CoreHapticsWrapper-iOS";
				PRODUCT_NAME = CoreHapticsWrapper;
				PROVISIONING_PROFILE_SPECIFIER = "";
				SKIP_INSTALL = YES;
				SUPPORTS_MACCATALYST = NO;
				SWIFT_VERSION = 5.0;
				TARGETED_DEVICE_FAMILY = "1,2";
				TVOS_DEPLOYMENT_TARGET = 13.0;
			};
			name = Release;
		};
		7A55185824E2FF56004CDB45 /* Debug */ = {
			isa = XCBuildConfiguration;
			buildSettings = {
				CLANG_ENABLE_MODULES = YES;
				CODE_SIGN_STYLE = Manual;
				COMBINE_HIDPI_IMAGES = YES;
				DEVELOPMENT_TEAM = "";
				INFOPLIST_FILE = CoreHapticsWrapper/Info.plist;
				INFOPLIST_OUTPUT_FORMAT = XML;
				INSTALL_PATH = "$(LOCAL_LIBRARY_DIR)/Bundles";
				IPHONEOS_DEPLOYMENT_TARGET = 13.0;
				LD_RUNPATH_SEARCH_PATHS = (
					"$(inherited)",
					"@executable_path/../Frameworks",
					"@loader_path/../Frameworks",
				);
				MACOSX_DEPLOYMENT_TARGET = 10.15;
				PRODUCT_BUNDLE_IDENTIFIER = "com.apple-plugins.CoreHapticsWrapper-macOS";
				PRODUCT_NAME = CoreHapticsWrapper;
				PROVISIONING_PROFILE_SPECIFIER = "";
				SDKROOT = macosx;
				SKIP_INSTALL = YES;
				SWIFT_OBJC_BRIDGING_HEADER = "CoreHapticsWrapper/BridgingHeader-macOS.h";
				SWIFT_OPTIMIZATION_LEVEL = "-Onone";
				SWIFT_VERSION = 5.0;
				TVOS_DEPLOYMENT_TARGET = 13.0;
				WRAPPER_EXTENSION = bundle;
			};
			name = Debug;
		};
		7A55185924E2FF56004CDB45 /* Release */ = {
			isa = XCBuildConfiguration;
			buildSettings = {
				CLANG_ENABLE_MODULES = YES;
				CODE_SIGN_STYLE = Manual;
				COMBINE_HIDPI_IMAGES = YES;
				DEVELOPMENT_TEAM = "";
				INFOPLIST_FILE = CoreHapticsWrapper/Info.plist;
				INFOPLIST_OUTPUT_FORMAT = XML;
				INSTALL_PATH = "$(LOCAL_LIBRARY_DIR)/Bundles";
				IPHONEOS_DEPLOYMENT_TARGET = 13.0;
				LD_RUNPATH_SEARCH_PATHS = (
					"$(inherited)",
					"@executable_path/../Frameworks",
					"@loader_path/../Frameworks",
				);
				MACOSX_DEPLOYMENT_TARGET = 10.15;
				PRODUCT_BUNDLE_IDENTIFIER = "com.apple-plugins.CoreHapticsWrapper-macOS";
				PRODUCT_NAME = CoreHapticsWrapper;
				PROVISIONING_PROFILE_SPECIFIER = "";
				SDKROOT = macosx;
				SKIP_INSTALL = YES;
				SWIFT_OBJC_BRIDGING_HEADER = "CoreHapticsWrapper/BridgingHeader-macOS.h";
				SWIFT_VERSION = 5.0;
				TVOS_DEPLOYMENT_TARGET = 13.0;
				WRAPPER_EXTENSION = bundle;
			};
			name = Release;
		};
		7AE5BB7F2502C06C00BDBEDA /* Debug */ = {
			isa = XCBuildConfiguration;
			buildSettings = {
				CLANG_ENABLE_MODULES = YES;
				CODE_SIGN_IDENTITY = "Apple Development";
				CODE_SIGN_STYLE = Manual;
				DEFINES_MODULE = YES;
				DEVELOPMENT_TEAM = "";
				DYLIB_COMPATIBILITY_VERSION = 1;
				DYLIB_CURRENT_VERSION = 1;
				DYLIB_INSTALL_NAME_BASE = "@rpath";
				INFOPLIST_FILE = CoreHapticsWrapper/Info.plist;
				INFOPLIST_OUTPUT_FORMAT = XML;
				INSTALL_PATH = "$(LOCAL_LIBRARY_DIR)/Frameworks";
				IPHONEOS_DEPLOYMENT_TARGET = 13.0;
				LD_RUNPATH_SEARCH_PATHS = (
					"$(inherited)",
					"@executable_path/Frameworks",
					"@loader_path/Frameworks",
				);
				MACOSX_DEPLOYMENT_TARGET = 10.15;
				PRODUCT_BUNDLE_IDENTIFIER = "com.apple-plugins.CoreHapticsWrapper-tvOS";
				PRODUCT_NAME = CoreHapticsWrapper;
				PROVISIONING_PROFILE_SPECIFIER = "";
				SDKROOT = appletvos;
				SKIP_INSTALL = YES;
				SUPPORTS_MACCATALYST = NO;
				SWIFT_OPTIMIZATION_LEVEL = "-Onone";
				SWIFT_VERSION = 5.0;
				TARGETED_DEVICE_FAMILY = 3;
				TVOS_DEPLOYMENT_TARGET = 13.0;
			};
			name = Debug;
		};
		7AE5BB802502C06C00BDBEDA /* Release */ = {
			isa = XCBuildConfiguration;
			buildSettings = {
				CLANG_ENABLE_MODULES = YES;
				CODE_SIGN_IDENTITY = "Apple Development";
				CODE_SIGN_STYLE = Manual;
				DEFINES_MODULE = YES;
				DEVELOPMENT_TEAM = "";
				DYLIB_COMPATIBILITY_VERSION = 1;
				DYLIB_CURRENT_VERSION = 1;
				DYLIB_INSTALL_NAME_BASE = "@rpath";
				INFOPLIST_FILE = CoreHapticsWrapper/Info.plist;
				INFOPLIST_OUTPUT_FORMAT = XML;
				INSTALL_PATH = "$(LOCAL_LIBRARY_DIR)/Frameworks";
				IPHONEOS_DEPLOYMENT_TARGET = 13.0;
				LD_RUNPATH_SEARCH_PATHS = (
					"$(inherited)",
					"@executable_path/Frameworks",
					"@loader_path/Frameworks",
				);
				MACOSX_DEPLOYMENT_TARGET = 10.15;
				PRODUCT_BUNDLE_IDENTIFIER = "com.apple-plugins.CoreHapticsWrapper-tvOS";
				PRODUCT_NAME = CoreHapticsWrapper;
				PROVISIONING_PROFILE_SPECIFIER = "";
				SDKROOT = appletvos;
				SKIP_INSTALL = YES;
				SUPPORTS_MACCATALYST = NO;
				SWIFT_VERSION = 5.0;
				TARGETED_DEVICE_FAMILY = 3;
				TVOS_DEPLOYMENT_TARGET = 13.0;
			};
			name = Release;
		};
		CFF6B9F12628C9630002CEEB /* Debug */ = {
			isa = XCBuildConfiguration;
			buildSettings = {
				ADDITIONAL_SDKS = "macosx appletvos appletvsimulator iphoneos iphonesimulator";
				ALLOW_TARGET_PLATFORM_SPECIALIZATION = YES;
				CODE_SIGN_STYLE = Automatic;
				DEVELOPMENT_TEAM = S5585LNN66;
				ONLY_ACTIVE_ARCH = NO;
				PRODUCT_NAME = "$(TARGET_NAME)";
				SUPPORTED_PLATFORMS = "macosx iphonesimulator iphoneos appletvsimulator appletvos";
			};
			name = Debug;
		};
		CFF6B9F22628C9630002CEEB /* Release */ = {
			isa = XCBuildConfiguration;
			buildSettings = {
				ADDITIONAL_SDKS = "macosx appletvos appletvsimulator iphoneos iphonesimulator";
				ALLOW_TARGET_PLATFORM_SPECIALIZATION = YES;
				CODE_SIGN_STYLE = Automatic;
				DEVELOPMENT_TEAM = S5585LNN66;
				PRODUCT_NAME = "$(TARGET_NAME)";
				SUPPORTED_PLATFORMS = "macosx iphonesimulator iphoneos appletvsimulator appletvos";
			};
			name = Release;
		};
/* End XCBuildConfiguration section */

/* Begin XCConfigurationList section */
		7A55184024E2FC09004CDB45 /* Build configuration list for PBXProject "CoreHapticsWrapper" */ = {
			isa = XCConfigurationList;
			buildConfigurations = (
				7A55184C24E2FC09004CDB45 /* Debug */,
				7A55184D24E2FC09004CDB45 /* Release */,
			);
			defaultConfigurationIsVisible = 0;
			defaultConfigurationName = Release;
		};
		7A55184E24E2FC09004CDB45 /* Build configuration list for PBXNativeTarget "CoreHapticsWrapper iOS" */ = {
			isa = XCConfigurationList;
			buildConfigurations = (
				7A55184F24E2FC09004CDB45 /* Debug */,
				7A55185024E2FC09004CDB45 /* Release */,
			);
			defaultConfigurationIsVisible = 0;
			defaultConfigurationName = Release;
		};
		7A55185A24E2FF56004CDB45 /* Build configuration list for PBXNativeTarget "CoreHapticsWrapperMac" */ = {
			isa = XCConfigurationList;
			buildConfigurations = (
				7A55185824E2FF56004CDB45 /* Debug */,
				7A55185924E2FF56004CDB45 /* Release */,
			);
			defaultConfigurationIsVisible = 0;
			defaultConfigurationName = Release;
		};
		7AE5BB7E2502C06C00BDBEDA /* Build configuration list for PBXNativeTarget "CoreHapticsWrapper tvOS" */ = {
			isa = XCConfigurationList;
			buildConfigurations = (
				7AE5BB7F2502C06C00BDBEDA /* Debug */,
				7AE5BB802502C06C00BDBEDA /* Release */,
			);
			defaultConfigurationIsVisible = 0;
			defaultConfigurationName = Release;
		};
		CFF6B9F32628C9630002CEEB /* Build configuration list for PBXAggregateTarget "all" */ = {
			isa = XCConfigurationList;
			buildConfigurations = (
				CFF6B9F12628C9630002CEEB /* Debug */,
				CFF6B9F22628C9630002CEEB /* Release */,
			);
			defaultConfigurationIsVisible = 0;
			defaultConfigurationName = Release;
		};
/* End XCConfigurationList section */
	};
	rootObject = 7A55183D24E2FC09004CDB45 /* Project object */;
}
